
Microsoft Visual Studio Solution File, Format Version 12.00
# Visual Studio 14
VisualStudioVersion = 14.0.25420.1
MinimumVisualStudioVersion = 10.0.40219.1
Project("{FAE04EC0-301F-11D3-BF4B-00C04F79EFBC}") = "Stinkhorn.Agent", "Stinkhorn.Agent\Stinkhorn.Agent.csproj", "{09A09A99-AD4F-45C1-AF59-F9197C6D28D9}"
EndProject
Project("{FAE04EC0-301F-11D3-BF4B-00C04F79EFBC}") = "Stinkhorn.Util", "Stinkhorn.Util\Stinkhorn.Util.csproj", "{ECC8865F-06AC-4350-A09F-C32526AD9D1A}"
EndProject
Project("{FAE04EC0-301F-11D3-BF4B-00C04F79EFBC}") = "Stinkhorn.Core", "Stinkhorn.Core\Stinkhorn.Core.csproj", "{4A15C36C-64AF-4F32-A67F-DD2701BA7642}"
EndProject
Project("{FAE04EC0-301F-11D3-BF4B-00C04F79EFBC}") = "Stinkhorn.API", "Stinkhorn.API\Stinkhorn.API.csproj", "{DE3037EB-1E63-4230-A5B2-EA7BBD04C853}"
EndProject
Project("{FAE04EC0-301F-11D3-BF4B-00C04F79EFBC}") = "Stinkhorn.Bureau", "Stinkhorn.Bureau\Stinkhorn.Bureau.csproj", "{0C42F319-60B0-4D83-8B49-9C3B6DF0479F}"
EndProject
Project("{FAE04EC0-301F-11D3-BF4B-00C04F79EFBC}") = "Stinkhorn.Test", "Stinkhorn.Test\Stinkhorn.Test.csproj", "{067456C0-086C-46A8-B37F-1405717B7BFC}"
EndProject
Project("{FAE04EC0-301F-11D3-BF4B-00C04F79EFBC}") = "Stinkhorn.Comm", "Stinkhorn.Comm\Stinkhorn.Comm.csproj", "{F4F71FF4-540D-4E60-8EB1-D5AA482D4B0A}"
EndProject
Project("{2150E333-8FDC-42A3-9474-1A3956D46DE8}") = "Server", "Server", "{44A1B2C1-82E3-475D-8160-3632687D7CC0}"
EndProject
Project("{2150E333-8FDC-42A3-9474-1A3956D46DE8}") = "Client", "Client", "{7538EBC2-73CA-4582-BD0F-A681C71DD7D1}"
EndProject
Project("{2150E333-8FDC-42A3-9474-1A3956D46DE8}") = "Test", "Test", "{B114D108-CB93-4046-B2AF-C9DD541885D7}"
EndProject
Project("{2150E333-8FDC-42A3-9474-1A3956D46DE8}") = "Base", "Base", "{6EDD1C47-E62F-4DCC-8FF7-5A8BCA5D35D0}"
EndProject
Project("{FAE04EC0-301F-11D3-BF4B-00C04F79EFBC}") = "Stinkhorn.Demo.API", "Stinkhorn.Demo.API\Stinkhorn.Demo.API.csproj", "{C729068C-01F1-44CA-AD25-871C6090E069}"
EndProject
Project("{2150E333-8FDC-42A3-9474-1A3956D46DE8}") = "Demo", "Demo", "{37BE5D15-74AA-4DBC-8F44-1A5BA82244F2}"
EndProject
Project("{FAE04EC0-301F-11D3-BF4B-00C04F79EFBC}") = "Stinkhorn.System.API", "Stinkhorn.System.API\Stinkhorn.System.API.csproj", "{3BA5B43C-C169-495E-9C90-C394C0247DD8}"
EndProject
Project("{2150E333-8FDC-42A3-9474-1A3956D46DE8}") = "System", "System", "{7226D9C8-9A7A-455F-80DF-C253C099BDC2}"
EndProject
Project("{FAE04EC0-301F-11D3-BF4B-00C04F79EFBC}") = "Stinkhorn.System.Win", "Stinkhorn.System.Win\Stinkhorn.System.Win.csproj", "{E3BDE6AB-B70D-46F6-ACBF-6D231DFBF601}"
EndProject
Project("{FAE04EC0-301F-11D3-BF4B-00C04F79EFBC}") = "Stinkhorn.System.Mac", "Stinkhorn.System.Mac\Stinkhorn.System.Mac.csproj", "{2F8844C6-95A2-4CA8-AE67-F5FE330DDB6B}"
EndProject
Project("{FAE04EC0-301F-11D3-BF4B-00C04F79EFBC}") = "Stinkhorn.System.Linux", "Stinkhorn.System.Linux\Stinkhorn.System.Linux.csproj", "{EF179733-189B-402A-8655-3BD457395E2A}"
EndProject
Global
	GlobalSection(SolutionConfigurationPlatforms) = preSolution
		Debug|Any CPU = Debug|Any CPU
		Release|Any CPU = Release|Any CPU
	EndGlobalSection
	GlobalSection(ProjectConfigurationPlatforms) = postSolution
		{09A09A99-AD4F-45C1-AF59-F9197C6D28D9}.Debug|Any CPU.ActiveCfg = Debug|Any CPU
		{09A09A99-AD4F-45C1-AF59-F9197C6D28D9}.Debug|Any CPU.Build.0 = Debug|Any CPU
		{09A09A99-AD4F-45C1-AF59-F9197C6D28D9}.Release|Any CPU.ActiveCfg = Release|Any CPU
		{09A09A99-AD4F-45C1-AF59-F9197C6D28D9}.Release|Any CPU.Build.0 = Release|Any CPU
		{ECC8865F-06AC-4350-A09F-C32526AD9D1A}.Debug|Any CPU.ActiveCfg = Debug|Any CPU
		{ECC8865F-06AC-4350-A09F-C32526AD9D1A}.Debug|Any CPU.Build.0 = Debug|Any CPU
		{ECC8865F-06AC-4350-A09F-C32526AD9D1A}.Release|Any CPU.ActiveCfg = Release|Any CPU
		{ECC8865F-06AC-4350-A09F-C32526AD9D1A}.Release|Any CPU.Build.0 = Release|Any CPU
		{4A15C36C-64AF-4F32-A67F-DD2701BA7642}.Debug|Any CPU.ActiveCfg = Debug|Any CPU
		{4A15C36C-64AF-4F32-A67F-DD2701BA7642}.Debug|Any CPU.Build.0 = Debug|Any CPU
		{4A15C36C-64AF-4F32-A67F-DD2701BA7642}.Release|Any CPU.ActiveCfg = Release|Any CPU
		{4A15C36C-64AF-4F32-A67F-DD2701BA7642}.Release|Any CPU.Build.0 = Release|Any CPU
		{DE3037EB-1E63-4230-A5B2-EA7BBD04C853}.Debug|Any CPU.ActiveCfg = Debug|Any CPU
		{DE3037EB-1E63-4230-A5B2-EA7BBD04C853}.Debug|Any CPU.Build.0 = Debug|Any CPU
		{DE3037EB-1E63-4230-A5B2-EA7BBD04C853}.Release|Any CPU.ActiveCfg = Release|Any CPU
		{DE3037EB-1E63-4230-A5B2-EA7BBD04C853}.Release|Any CPU.Build.0 = Release|Any CPU
		{0C42F319-60B0-4D83-8B49-9C3B6DF0479F}.Debug|Any CPU.ActiveCfg = Debug|Any CPU
		{0C42F319-60B0-4D83-8B49-9C3B6DF0479F}.Debug|Any CPU.Build.0 = Debug|Any CPU
		{0C42F319-60B0-4D83-8B49-9C3B6DF0479F}.Release|Any CPU.ActiveCfg = Release|Any CPU
		{0C42F319-60B0-4D83-8B49-9C3B6DF0479F}.Release|Any CPU.Build.0 = Release|Any CPU
		{067456C0-086C-46A8-B37F-1405717B7BFC}.Debug|Any CPU.ActiveCfg = Debug|Any CPU
		{067456C0-086C-46A8-B37F-1405717B7BFC}.Debug|Any CPU.Build.0 = Debug|Any CPU
		{067456C0-086C-46A8-B37F-1405717B7BFC}.Release|Any CPU.ActiveCfg = Release|Any CPU
		{067456C0-086C-46A8-B37F-1405717B7BFC}.Release|Any CPU.Build.0 = Release|Any CPU
		{F4F71FF4-540D-4E60-8EB1-D5AA482D4B0A}.Debug|Any CPU.ActiveCfg = Debug|Any CPU
		{F4F71FF4-540D-4E60-8EB1-D5AA482D4B0A}.Debug|Any CPU.Build.0 = Debug|Any CPU
		{F4F71FF4-540D-4E60-8EB1-D5AA482D4B0A}.Release|Any CPU.ActiveCfg = Release|Any CPU
		{F4F71FF4-540D-4E60-8EB1-D5AA482D4B0A}.Release|Any CPU.Build.0 = Release|Any CPU
		{C729068C-01F1-44CA-AD25-871C6090E069}.Debug|Any CPU.ActiveCfg = Debug|Any CPU
		{C729068C-01F1-44CA-AD25-871C6090E069}.Debug|Any CPU.Build.0 = Debug|Any CPU
		{C729068C-01F1-44CA-AD25-871C6090E069}.Release|Any CPU.ActiveCfg = Release|Any CPU
		{C729068C-01F1-44CA-AD25-871C6090E069}.Release|Any CPU.Build.0 = Release|Any CPU
		{3BA5B43C-C169-495E-9C90-C394C0247DD8}.Debug|Any CPU.ActiveCfg = Debug|Any CPU
		{3BA5B43C-C169-495E-9C90-C394C0247DD8}.Debug|Any CPU.Build.0 = Debug|Any CPU
		{3BA5B43C-C169-495E-9C90-C394C0247DD8}.Release|Any CPU.ActiveCfg = Release|Any CPU
		{3BA5B43C-C169-495E-9C90-C394C0247DD8}.Release|Any CPU.Build.0 = Release|Any CPU
		{E3BDE6AB-B70D-46F6-ACBF-6D231DFBF601}.Debug|Any CPU.ActiveCfg = Debug|Any CPU
		{E3BDE6AB-B70D-46F6-ACBF-6D231DFBF601}.Debug|Any CPU.Build.0 = Debug|Any CPU
		{E3BDE6AB-B70D-46F6-ACBF-6D231DFBF601}.Release|Any CPU.ActiveCfg = Release|Any CPU
		{E3BDE6AB-B70D-46F6-ACBF-6D231DFBF601}.Release|Any CPU.Build.0 = Release|Any CPU
		{2F8844C6-95A2-4CA8-AE67-F5FE330DDB6B}.Debug|Any CPU.ActiveCfg = Debug|Any CPU
		{2F8844C6-95A2-4CA8-AE67-F5FE330DDB6B}.Debug|Any CPU.Build.0 = Debug|Any CPU
		{2F8844C6-95A2-4CA8-AE67-F5FE330DDB6B}.Release|Any CPU.ActiveCfg = Release|Any CPU
		{2F8844C6-95A2-4CA8-AE67-F5FE330DDB6B}.Release|Any CPU.Build.0 = Release|Any CPU
		{EF179733-189B-402A-8655-3BD457395E2A}.Debug|Any CPU.ActiveCfg = Debug|Any CPU
		{EF179733-189B-402A-8655-3BD457395E2A}.Debug|Any CPU.Build.0 = Debug|Any CPU
		{EF179733-189B-402A-8655-3BD457395E2A}.Release|Any CPU.ActiveCfg = Release|Any CPU
		{EF179733-189B-402A-8655-3BD457395E2A}.Release|Any CPU.Build.0 = Release|Any CPU
	EndGlobalSection
	GlobalSection(SolutionProperties) = preSolution
		HideSolutionNode = FALSE
	EndGlobalSection
	GlobalSection(NestedProjects) = preSolution
		{09A09A99-AD4F-45C1-AF59-F9197C6D28D9} = {44A1B2C1-82E3-475D-8160-3632687D7CC0}
		{ECC8865F-06AC-4350-A09F-C32526AD9D1A} = {6EDD1C47-E62F-4DCC-8FF7-5A8BCA5D35D0}
		{DE3037EB-1E63-4230-A5B2-EA7BBD04C853} = {6EDD1C47-E62F-4DCC-8FF7-5A8BCA5D35D0}
		{0C42F319-60B0-4D83-8B49-9C3B6DF0479F} = {7538EBC2-73CA-4582-BD0F-A681C71DD7D1}
		{067456C0-086C-46A8-B37F-1405717B7BFC} = {B114D108-CB93-4046-B2AF-C9DD541885D7}
		{F4F71FF4-540D-4E60-8EB1-D5AA482D4B0A} = {6EDD1C47-E62F-4DCC-8FF7-5A8BCA5D35D0}
		{C729068C-01F1-44CA-AD25-871C6090E069} = {37BE5D15-74AA-4DBC-8F44-1A5BA82244F2}
		{3BA5B43C-C169-495E-9C90-C394C0247DD8} = {7226D9C8-9A7A-455F-80DF-C253C099BDC2}
		{E3BDE6AB-B70D-46F6-ACBF-6D231DFBF601} = {7226D9C8-9A7A-455F-80DF-C253C099BDC2}
		{2F8844C6-95A2-4CA8-AE67-F5FE330DDB6B} = {7226D9C8-9A7A-455F-80DF-C253C099BDC2}
		{EF179733-189B-402A-8655-3BD457395E2A} = {7226D9C8-9A7A-455F-80DF-C253C099BDC2}
	EndGlobalSection
EndGlobal
