
Microsoft Visual Studio Solution File, Format Version 12.00
# Visual Studio 2012
# SharpDevelop 5.1
VisualStudioVersion = 12.0.20827.3
MinimumVisualStudioVersion = 10.0.40219.1
Project("{FAE04EC0-301F-11D3-BF4B-00C04F79EFBC}") = "Stinkhorn.Agent", "Stinkhorn.Agent\Stinkhorn.Agent.csproj", "{09A09A99-AD4F-45C1-AF59-F9197C6D28D9}"
EndProject
Project("{FAE04EC0-301F-11D3-BF4B-00C04F79EFBC}") = "Stinkhorn.Util", "Stinkhorn.Util\Stinkhorn.Util.csproj", "{ECC8865F-06AC-4350-A09F-C32526AD9D1A}"
EndProject
Project("{FAE04EC0-301F-11D3-BF4B-00C04F79EFBC}") = "Stinkhorn.Core", "Stinkhorn.Core\Stinkhorn.Core.csproj", "{4A15C36C-64AF-4F32-A67F-DD2701BA7642}"
EndProject
Project("{FAE04EC0-301F-11D3-BF4B-00C04F79EFBC}") = "Stinkhorn.API", "Stinkhorn.API\Stinkhorn.API.csproj", "{DE3037EB-1E63-4230-A5B2-EA7BBD04C853}"
EndProject
Project("{FAE04EC0-301F-11D3-BF4B-00C04F79EFBC}") = "Stinkhorn.Common", "Stinkhorn.Common\Stinkhorn.Common.csproj", "{D7AE9BFE-CA0F-46A7-BE08-726837A2C50B}"
EndProject
Global
	GlobalSection(SolutionConfigurationPlatforms) = preSolution
		Debug|Any CPU = Debug|Any CPU
		Release|Any CPU = Release|Any CPU
	EndGlobalSection
	GlobalSection(ProjectConfigurationPlatforms) = postSolution
		{09A09A99-AD4F-45C1-AF59-F9197C6D28D9}.Debug|Any CPU.ActiveCfg = Debug|Any CPU
		{09A09A99-AD4F-45C1-AF59-F9197C6D28D9}.Debug|Any CPU.Build.0 = Debug|Any CPU
		{09A09A99-AD4F-45C1-AF59-F9197C6D28D9}.Release|Any CPU.ActiveCfg = Release|Any CPU
		{09A09A99-AD4F-45C1-AF59-F9197C6D28D9}.Release|Any CPU.Build.0 = Release|Any CPU
		{ECC8865F-06AC-4350-A09F-C32526AD9D1A}.Debug|Any CPU.ActiveCfg = Debug|Any CPU
		{ECC8865F-06AC-4350-A09F-C32526AD9D1A}.Debug|Any CPU.Build.0 = Debug|Any CPU
		{ECC8865F-06AC-4350-A09F-C32526AD9D1A}.Release|Any CPU.ActiveCfg = Release|Any CPU
		{ECC8865F-06AC-4350-A09F-C32526AD9D1A}.Release|Any CPU.Build.0 = Release|Any CPU
		{4A15C36C-64AF-4F32-A67F-DD2701BA7642}.Debug|Any CPU.ActiveCfg = Debug|Any CPU
		{4A15C36C-64AF-4F32-A67F-DD2701BA7642}.Debug|Any CPU.Build.0 = Debug|Any CPU
		{4A15C36C-64AF-4F32-A67F-DD2701BA7642}.Release|Any CPU.ActiveCfg = Release|Any CPU
		{4A15C36C-64AF-4F32-A67F-DD2701BA7642}.Release|Any CPU.Build.0 = Release|Any CPU
		{DE3037EB-1E63-4230-A5B2-EA7BBD04C853}.Debug|Any CPU.ActiveCfg = Debug|Any CPU
		{DE3037EB-1E63-4230-A5B2-EA7BBD04C853}.Debug|Any CPU.Build.0 = Debug|Any CPU
		{DE3037EB-1E63-4230-A5B2-EA7BBD04C853}.Release|Any CPU.ActiveCfg = Release|Any CPU
		{DE3037EB-1E63-4230-A5B2-EA7BBD04C853}.Release|Any CPU.Build.0 = Release|Any CPU
		{D7AE9BFE-CA0F-46A7-BE08-726837A2C50B}.Debug|Any CPU.ActiveCfg = Debug|Any CPU
		{D7AE9BFE-CA0F-46A7-BE08-726837A2C50B}.Debug|Any CPU.Build.0 = Debug|Any CPU
		{D7AE9BFE-CA0F-46A7-BE08-726837A2C50B}.Release|Any CPU.ActiveCfg = Release|Any CPU
		{D7AE9BFE-CA0F-46A7-BE08-726837A2C50B}.Release|Any CPU.Build.0 = Release|Any CPU
	EndGlobalSection
EndGlobal
